// !$*UTF8*$!
{
	archiveVersion = 1;
	classes = {
	};
	objectVersion = 50;
	objects = {

/* Begin PBXBuildFile section */
		F078D34627307CD3003247FE /* AppDelegate.swift in Sources */ = {isa = PBXBuildFile; fileRef = F078D34527307CD3003247FE /* AppDelegate.swift */; };
		F078D34827307CD3003247FE /* SceneDelegate.swift in Sources */ = {isa = PBXBuildFile; fileRef = F078D34727307CD3003247FE /* SceneDelegate.swift */; };
		F078D34D27307CD3003247FE /* Main.storyboard in Resources */ = {isa = PBXBuildFile; fileRef = F078D34B27307CD3003247FE /* Main.storyboard */; };
		F078D34F27307CD7003247FE /* Assets.xcassets in Resources */ = {isa = PBXBuildFile; fileRef = F078D34E27307CD7003247FE /* Assets.xcassets */; };
		F078D35227307CD7003247FE /* LaunchScreen.storyboard in Resources */ = {isa = PBXBuildFile; fileRef = F078D35027307CD7003247FE /* LaunchScreen.storyboard */; };
		F078D35D27307CD8003247FE /* ConcreteChallengeTests.swift in Sources */ = {isa = PBXBuildFile; fileRef = F078D35C27307CD8003247FE /* ConcreteChallengeTests.swift */; };
		F078D36827307CD8003247FE /* ConcreteChallengeUITests.swift in Sources */ = {isa = PBXBuildFile; fileRef = F078D36727307CD8003247FE /* ConcreteChallengeUITests.swift */; };
		F078D37927307DC0003247FE /* APIClient.swift in Sources */ = {isa = PBXBuildFile; fileRef = F078D37827307DC0003247FE /* APIClient.swift */; };
		F078D38C27308234003247FE /* MoviesViewModel.swift in Sources */ = {isa = PBXBuildFile; fileRef = F078D38B27308234003247FE /* MoviesViewModel.swift */; };
		F078D39F27308EA5003247FE /* jsonData.json in Resources */ = {isa = PBXBuildFile; fileRef = F078D39E27308EA5003247FE /* jsonData.json */; };
		F078D3A827308F32003247FE /* Movie.swift in Sources */ = {isa = PBXBuildFile; fileRef = F078D3A627308F32003247FE /* Movie.swift */; };
		F078D3A927308F32003247FE /* Data.swift in Sources */ = {isa = PBXBuildFile; fileRef = F078D3A727308F32003247FE /* Data.swift */; };
		F078D3B52730942F003247FE /* MovieCellViewModel.swift in Sources */ = {isa = PBXBuildFile; fileRef = F078D3B42730942F003247FE /* MovieCellViewModel.swift */; };
		F078D3BA2730B701003247FE /* Bindable.swift in Sources */ = {isa = PBXBuildFile; fileRef = F078D3B92730B701003247FE /* Bindable.swift */; };
		F078D3CC2730D2A4003247FE /* MoviesViewController.swift in Sources */ = {isa = PBXBuildFile; fileRef = F078D34927307CD3003247FE /* MoviesViewController.swift */; };
		F078D3D72730D80A003247FE /* MovieCollectionViewCell.swift in Sources */ = {isa = PBXBuildFile; fileRef = F078D39827308E11003247FE /* MovieCollectionViewCell.swift */; };
		F078D3E4273300C2003247FE /* CollectionBackgroundView.swift in Sources */ = {isa = PBXBuildFile; fileRef = F078D3E3273300C2003247FE /* CollectionBackgroundView.swift */; };
		F078D3E92733050C003247FE /* CollectionBackgroundViewModel.swift in Sources */ = {isa = PBXBuildFile; fileRef = F078D3E82733050C003247FE /* CollectionBackgroundViewModel.swift */; };
		F08E42A127362E050049F654 /* SF-Pro-Text-Bold.otf in Resources */ = {isa = PBXBuildFile; fileRef = F08E429D27362E020049F654 /* SF-Pro-Text-Bold.otf */; };
		F08E42A227362E050049F654 /* SF-Pro-Text-Regular.otf in Resources */ = {isa = PBXBuildFile; fileRef = F08E429E27362E030049F654 /* SF-Pro-Text-Regular.otf */; };
		F08E42A327362E050049F654 /* SF-Pro-Text-LightItalic.otf in Resources */ = {isa = PBXBuildFile; fileRef = F08E429F27362E040049F654 /* SF-Pro-Text-LightItalic.otf */; };
		F08E42A427362E050049F654 /* SF-Pro-Text-Thin.otf in Resources */ = {isa = PBXBuildFile; fileRef = F08E42A027362E040049F654 /* SF-Pro-Text-Thin.otf */; };
		F08E42B82736F62A0049F654 /* InfoCollectionViewCell.swift in Sources */ = {isa = PBXBuildFile; fileRef = F08E42B72736F62A0049F654 /* InfoCollectionViewCell.swift */; };
		F08E42BD2736F7A50049F654 /* InfoCellViewModel.swift in Sources */ = {isa = PBXBuildFile; fileRef = F08E42BC2736F7A50049F654 /* InfoCellViewModel.swift */; };
		F08E42CC273846930049F654 /* genresData.json in Resources */ = {isa = PBXBuildFile; fileRef = F08E42CB273846920049F654 /* genresData.json */; };
		F08E42D4273848710049F654 /* StorageManager.swift in Sources */ = {isa = PBXBuildFile; fileRef = F08E42D3273848710049F654 /* StorageManager.swift */; };
		F08E42D9273857CC0049F654 /* Genre.swift in Sources */ = {isa = PBXBuildFile; fileRef = F08E42D8273857CC0049F654 /* Genre.swift */; };
		F08E42F52738B4610049F654 /* FavouriteTableCell.swift in Sources */ = {isa = PBXBuildFile; fileRef = F08E42E22738AED40049F654 /* FavouriteTableCell.swift */; };
		F08E42FA2738BB5A0049F654 /* FavouriteCellViewModel.swift in Sources */ = {isa = PBXBuildFile; fileRef = F08E42F92738BB5A0049F654 /* FavouriteCellViewModel.swift */; };
		F08E43082738BD130049F654 /* FavouritesViewModel.swift in Sources */ = {isa = PBXBuildFile; fileRef = F08E42DD2738ACD40049F654 /* FavouritesViewModel.swift */; };
		F08E430D2739CFE00049F654 /* FilterViewController.swift in Sources */ = {isa = PBXBuildFile; fileRef = F08E430C2739CFDF0049F654 /* FilterViewController.swift */; };
		F08E43122739D0F60049F654 /* FilterViewModel.swift in Sources */ = {isa = PBXBuildFile; fileRef = F08E43112739D0F60049F654 /* FilterViewModel.swift */; };
		F08E43172739E8070049F654 /* Criteria.swift in Sources */ = {isa = PBXBuildFile; fileRef = F08E43162739E8070049F654 /* Criteria.swift */; };
		F08E431C273A01680049F654 /* SelectorViewController.swift in Sources */ = {isa = PBXBuildFile; fileRef = F08E431B273A01680049F654 /* SelectorViewController.swift */; };
		F08E4321273A02630049F654 /* SelectorViewModel.swift in Sources */ = {isa = PBXBuildFile; fileRef = F08E4320273A02630049F654 /* SelectorViewModel.swift */; };
		F0F776B82735A70A0029E7AC /* FavouritesViewController.swift in Sources */ = {isa = PBXBuildFile; fileRef = F0F776B72735A70A0029E7AC /* FavouritesViewController.swift */; };
		F0F776BD2735BD1B0029E7AC /* TabBarController.swift in Sources */ = {isa = PBXBuildFile; fileRef = F0F776BC2735BD1B0029E7AC /* TabBarController.swift */; };
		F0F776C52735BF180029E7AC /* NavigationController.swift in Sources */ = {isa = PBXBuildFile; fileRef = F0F776C42735BF180029E7AC /* NavigationController.swift */; };
		F0F776CA2735CF9E0029E7AC /* Cache.swift in Sources */ = {isa = PBXBuildFile; fileRef = F0F776C92735CF9E0029E7AC /* Cache.swift */; };
		F0F776CF273619990029E7AC /* MovieDetailViewController.swift in Sources */ = {isa = PBXBuildFile; fileRef = F0F776CE273619990029E7AC /* MovieDetailViewController.swift */; };
		F0F776D427361BE70029E7AC /* MovieDetailViewModel.swift in Sources */ = {isa = PBXBuildFile; fileRef = F0F776D327361BE70029E7AC /* MovieDetailViewModel.swift */; };
/* End PBXBuildFile section */

/* Begin PBXContainerItemProxy section */
		F078D35927307CD8003247FE /* PBXContainerItemProxy */ = {
			isa = PBXContainerItemProxy;
			containerPortal = F078D33A27307CD3003247FE /* Project object */;
			proxyType = 1;
			remoteGlobalIDString = F078D34127307CD3003247FE;
			remoteInfo = ConcreteChallenge;
		};
		F078D36427307CD8003247FE /* PBXContainerItemProxy */ = {
			isa = PBXContainerItemProxy;
			containerPortal = F078D33A27307CD3003247FE /* Project object */;
			proxyType = 1;
			remoteGlobalIDString = F078D34127307CD3003247FE;
			remoteInfo = ConcreteChallenge;
		};
/* End PBXContainerItemProxy section */

/* Begin PBXFileReference section */
		F078D34227307CD3003247FE /* ConcreteChallenge.app */ = {isa = PBXFileReference; explicitFileType = wrapper.application; includeInIndex = 0; path = ConcreteChallenge.app; sourceTree = BUILT_PRODUCTS_DIR; };
		F078D34527307CD3003247FE /* AppDelegate.swift */ = {isa = PBXFileReference; lastKnownFileType = sourcecode.swift; path = AppDelegate.swift; sourceTree = "<group>"; };
		F078D34727307CD3003247FE /* SceneDelegate.swift */ = {isa = PBXFileReference; lastKnownFileType = sourcecode.swift; path = SceneDelegate.swift; sourceTree = "<group>"; };
		F078D34927307CD3003247FE /* MoviesViewController.swift */ = {isa = PBXFileReference; lastKnownFileType = sourcecode.swift; path = MoviesViewController.swift; sourceTree = "<group>"; };
		F078D34C27307CD3003247FE /* Base */ = {isa = PBXFileReference; lastKnownFileType = file.storyboard; name = Base; path = Base.lproj/Main.storyboard; sourceTree = "<group>"; };
		F078D34E27307CD7003247FE /* Assets.xcassets */ = {isa = PBXFileReference; lastKnownFileType = folder.assetcatalog; path = Assets.xcassets; sourceTree = "<group>"; };
		F078D35127307CD7003247FE /* Base */ = {isa = PBXFileReference; lastKnownFileType = file.storyboard; name = Base; path = Base.lproj/LaunchScreen.storyboard; sourceTree = "<group>"; };
		F078D35327307CD7003247FE /* Info.plist */ = {isa = PBXFileReference; lastKnownFileType = text.plist.xml; path = Info.plist; sourceTree = "<group>"; };
		F078D35827307CD8003247FE /* ConcreteChallengeTests.xctest */ = {isa = PBXFileReference; explicitFileType = wrapper.cfbundle; includeInIndex = 0; path = ConcreteChallengeTests.xctest; sourceTree = BUILT_PRODUCTS_DIR; };
		F078D35C27307CD8003247FE /* ConcreteChallengeTests.swift */ = {isa = PBXFileReference; lastKnownFileType = sourcecode.swift; path = ConcreteChallengeTests.swift; sourceTree = "<group>"; };
		F078D35E27307CD8003247FE /* Info.plist */ = {isa = PBXFileReference; lastKnownFileType = text.plist.xml; path = Info.plist; sourceTree = "<group>"; };
		F078D36327307CD8003247FE /* ConcreteChallengeUITests.xctest */ = {isa = PBXFileReference; explicitFileType = wrapper.cfbundle; includeInIndex = 0; path = ConcreteChallengeUITests.xctest; sourceTree = BUILT_PRODUCTS_DIR; };
		F078D36727307CD8003247FE /* ConcreteChallengeUITests.swift */ = {isa = PBXFileReference; lastKnownFileType = sourcecode.swift; path = ConcreteChallengeUITests.swift; sourceTree = "<group>"; };
		F078D36927307CD8003247FE /* Info.plist */ = {isa = PBXFileReference; lastKnownFileType = text.plist.xml; path = Info.plist; sourceTree = "<group>"; };
		F078D37827307DC0003247FE /* APIClient.swift */ = {isa = PBXFileReference; lastKnownFileType = sourcecode.swift; path = APIClient.swift; sourceTree = "<group>"; };
		F078D38B27308234003247FE /* MoviesViewModel.swift */ = {isa = PBXFileReference; lastKnownFileType = sourcecode.swift; path = MoviesViewModel.swift; sourceTree = "<group>"; };
		F078D39827308E11003247FE /* MovieCollectionViewCell.swift */ = {isa = PBXFileReference; lastKnownFileType = sourcecode.swift; path = MovieCollectionViewCell.swift; sourceTree = "<group>"; };
		F078D39E27308EA5003247FE /* jsonData.json */ = {isa = PBXFileReference; fileEncoding = 4; lastKnownFileType = text.json; path = jsonData.json; sourceTree = "<group>"; };
		F078D3A627308F32003247FE /* Movie.swift */ = {isa = PBXFileReference; fileEncoding = 4; lastKnownFileType = sourcecode.swift; path = Movie.swift; sourceTree = "<group>"; };
		F078D3A727308F32003247FE /* Data.swift */ = {isa = PBXFileReference; fileEncoding = 4; lastKnownFileType = sourcecode.swift; path = Data.swift; sourceTree = "<group>"; };
		F078D3B42730942F003247FE /* MovieCellViewModel.swift */ = {isa = PBXFileReference; lastKnownFileType = sourcecode.swift; path = MovieCellViewModel.swift; sourceTree = "<group>"; };
		F078D3B92730B701003247FE /* Bindable.swift */ = {isa = PBXFileReference; lastKnownFileType = sourcecode.swift; path = Bindable.swift; sourceTree = "<group>"; };
		F078D3E3273300C2003247FE /* CollectionBackgroundView.swift */ = {isa = PBXFileReference; lastKnownFileType = sourcecode.swift; path = CollectionBackgroundView.swift; sourceTree = "<group>"; };
		F078D3E82733050C003247FE /* CollectionBackgroundViewModel.swift */ = {isa = PBXFileReference; lastKnownFileType = sourcecode.swift; path = CollectionBackgroundViewModel.swift; sourceTree = "<group>"; };
		F08E429D27362E020049F654 /* SF-Pro-Text-Bold.otf */ = {isa = PBXFileReference; lastKnownFileType = file; path = "SF-Pro-Text-Bold.otf"; sourceTree = "<group>"; };
		F08E429E27362E030049F654 /* SF-Pro-Text-Regular.otf */ = {isa = PBXFileReference; lastKnownFileType = file; path = "SF-Pro-Text-Regular.otf"; sourceTree = "<group>"; };
		F08E429F27362E040049F654 /* SF-Pro-Text-LightItalic.otf */ = {isa = PBXFileReference; lastKnownFileType = file; path = "SF-Pro-Text-LightItalic.otf"; sourceTree = "<group>"; };
		F08E42A027362E040049F654 /* SF-Pro-Text-Thin.otf */ = {isa = PBXFileReference; lastKnownFileType = file; path = "SF-Pro-Text-Thin.otf"; sourceTree = "<group>"; };
		F08E42B72736F62A0049F654 /* InfoCollectionViewCell.swift */ = {isa = PBXFileReference; lastKnownFileType = sourcecode.swift; path = InfoCollectionViewCell.swift; sourceTree = "<group>"; };
		F08E42BC2736F7A50049F654 /* InfoCellViewModel.swift */ = {isa = PBXFileReference; lastKnownFileType = sourcecode.swift; path = InfoCellViewModel.swift; sourceTree = "<group>"; };
		F08E42CB273846920049F654 /* genresData.json */ = {isa = PBXFileReference; lastKnownFileType = text.json; path = genresData.json; sourceTree = "<group>"; };
		F08E42D3273848710049F654 /* StorageManager.swift */ = {isa = PBXFileReference; lastKnownFileType = sourcecode.swift; path = StorageManager.swift; sourceTree = "<group>"; };
		F08E42D8273857CC0049F654 /* Genre.swift */ = {isa = PBXFileReference; lastKnownFileType = sourcecode.swift; path = Genre.swift; sourceTree = "<group>"; };
		F08E42DD2738ACD40049F654 /* FavouritesViewModel.swift */ = {isa = PBXFileReference; lastKnownFileType = sourcecode.swift; path = FavouritesViewModel.swift; sourceTree = "<group>"; };
		F08E42E22738AED40049F654 /* FavouriteTableCell.swift */ = {isa = PBXFileReference; lastKnownFileType = sourcecode.swift; path = FavouriteTableCell.swift; sourceTree = "<group>"; };
		F08E42F92738BB5A0049F654 /* FavouriteCellViewModel.swift */ = {isa = PBXFileReference; lastKnownFileType = sourcecode.swift; path = FavouriteCellViewModel.swift; sourceTree = "<group>"; };
		F08E430C2739CFDF0049F654 /* FilterViewController.swift */ = {isa = PBXFileReference; lastKnownFileType = sourcecode.swift; path = FilterViewController.swift; sourceTree = "<group>"; };
		F08E43112739D0F60049F654 /* FilterViewModel.swift */ = {isa = PBXFileReference; lastKnownFileType = sourcecode.swift; path = FilterViewModel.swift; sourceTree = "<group>"; };
		F08E43162739E8070049F654 /* Criteria.swift */ = {isa = PBXFileReference; lastKnownFileType = sourcecode.swift; path = Criteria.swift; sourceTree = "<group>"; };
		F08E431B273A01680049F654 /* SelectorViewController.swift */ = {isa = PBXFileReference; lastKnownFileType = sourcecode.swift; path = SelectorViewController.swift; sourceTree = "<group>"; };
		F08E4320273A02630049F654 /* SelectorViewModel.swift */ = {isa = PBXFileReference; lastKnownFileType = sourcecode.swift; path = SelectorViewModel.swift; sourceTree = "<group>"; };
		F0F776B72735A70A0029E7AC /* FavouritesViewController.swift */ = {isa = PBXFileReference; lastKnownFileType = sourcecode.swift; path = FavouritesViewController.swift; sourceTree = "<group>"; };
		F0F776BC2735BD1B0029E7AC /* TabBarController.swift */ = {isa = PBXFileReference; lastKnownFileType = sourcecode.swift; path = TabBarController.swift; sourceTree = "<group>"; };
		F0F776C42735BF180029E7AC /* NavigationController.swift */ = {isa = PBXFileReference; lastKnownFileType = sourcecode.swift; path = NavigationController.swift; sourceTree = "<group>"; };
		F0F776C92735CF9E0029E7AC /* Cache.swift */ = {isa = PBXFileReference; fileEncoding = 4; lastKnownFileType = sourcecode.swift; path = Cache.swift; sourceTree = "<group>"; };
		F0F776CE273619990029E7AC /* MovieDetailViewController.swift */ = {isa = PBXFileReference; lastKnownFileType = sourcecode.swift; path = MovieDetailViewController.swift; sourceTree = "<group>"; };
		F0F776D327361BE70029E7AC /* MovieDetailViewModel.swift */ = {isa = PBXFileReference; lastKnownFileType = sourcecode.swift; path = MovieDetailViewModel.swift; sourceTree = "<group>"; };
/* End PBXFileReference section */

/* Begin PBXFrameworksBuildPhase section */
		F078D33F27307CD3003247FE /* Frameworks */ = {
			isa = PBXFrameworksBuildPhase;
			buildActionMask = 2147483647;
			files = (
			);
			runOnlyForDeploymentPostprocessing = 0;
		};
		F078D35527307CD8003247FE /* Frameworks */ = {
			isa = PBXFrameworksBuildPhase;
			buildActionMask = 2147483647;
			files = (
			);
			runOnlyForDeploymentPostprocessing = 0;
		};
		F078D36027307CD8003247FE /* Frameworks */ = {
			isa = PBXFrameworksBuildPhase;
			buildActionMask = 2147483647;
			files = (
			);
			runOnlyForDeploymentPostprocessing = 0;
		};
/* End PBXFrameworksBuildPhase section */

/* Begin PBXGroup section */
		F078D33927307CD3003247FE = {
			isa = PBXGroup;
			children = (
				F078D34427307CD3003247FE /* ConcreteChallenge */,
				F078D35B27307CD8003247FE /* ConcreteChallengeTests */,
				F078D36627307CD8003247FE /* ConcreteChallengeUITests */,
				F078D34327307CD3003247FE /* Products */,
			);
			sourceTree = "<group>";
		};
		F078D34327307CD3003247FE /* Products */ = {
			isa = PBXGroup;
			children = (
				F078D34227307CD3003247FE /* ConcreteChallenge.app */,
				F078D35827307CD8003247FE /* ConcreteChallengeTests.xctest */,
				F078D36327307CD8003247FE /* ConcreteChallengeUITests.xctest */,
			);
			name = Products;
			sourceTree = "<group>";
		};
		F078D34427307CD3003247FE /* ConcreteChallenge */ = {
			isa = PBXGroup;
			children = (
				F078D35327307CD7003247FE /* Info.plist */,
				F078D34527307CD3003247FE /* AppDelegate.swift */,
				F078D34727307CD3003247FE /* SceneDelegate.swift */,
				F078D3AD27308FE6003247FE /* Model */,
				F078D38727307F85003247FE /* View */,
				F078D3902730823A003247FE /* ViewModel */,
				F078D37D27307DC4003247FE /* Services */,
				F08E429B27362DC50049F654 /* Resources */,
				F078D34E27307CD7003247FE /* Assets.xcassets */,
			);
			path = ConcreteChallenge;
			sourceTree = "<group>";
		};
		F078D35B27307CD8003247FE /* ConcreteChallengeTests */ = {
			isa = PBXGroup;
			children = (
				F078D35C27307CD8003247FE /* ConcreteChallengeTests.swift */,
				F078D35E27307CD8003247FE /* Info.plist */,
			);
			path = ConcreteChallengeTests;
			sourceTree = "<group>";
		};
		F078D36627307CD8003247FE /* ConcreteChallengeUITests */ = {
			isa = PBXGroup;
			children = (
				F078D36727307CD8003247FE /* ConcreteChallengeUITests.swift */,
				F078D36927307CD8003247FE /* Info.plist */,
			);
			path = ConcreteChallengeUITests;
			sourceTree = "<group>";
		};
		F078D37D27307DC4003247FE /* Services */ = {
			isa = PBXGroup;
			children = (
				F078D37827307DC0003247FE /* APIClient.swift */,
				F078D39E27308EA5003247FE /* jsonData.json */,
				F08E42CB273846920049F654 /* genresData.json */,
				F078D3A727308F32003247FE /* Data.swift */,
				F08E42D3273848710049F654 /* StorageManager.swift */,
			);
			path = Services;
			sourceTree = "<group>";
		};
		F078D38727307F85003247FE /* View */ = {
			isa = PBXGroup;
			children = (
				F08E42C72737079E0049F654 /* UI */,
				F078D39727308DC7003247FE /* Controller */,
				F078D39D27308E41003247FE /* CollectionView */,
				F078D3E3273300C2003247FE /* CollectionBackgroundView.swift */,
				F08E42E72738AEF10049F654 /* TableView */,
			);
			path = View;
			sourceTree = "<group>";
		};
		F078D3902730823A003247FE /* ViewModel */ = {
			isa = PBXGroup;
			children = (
				F08E42C3273707750049F654 /* Controller */,
				F08E42C2273707580049F654 /* CollectionView */,
				F078D3E82733050C003247FE /* CollectionBackgroundViewModel.swift */,
				F08E42FE2738BB610049F654 /* TableView */,
			);
			path = ViewModel;
			sourceTree = "<group>";
		};
		F078D39727308DC7003247FE /* Controller */ = {
			isa = PBXGroup;
			children = (
				F078D34927307CD3003247FE /* MoviesViewController.swift */,
				F0F776CE273619990029E7AC /* MovieDetailViewController.swift */,
				F0F776B72735A70A0029E7AC /* FavouritesViewController.swift */,
				F0F776BC2735BD1B0029E7AC /* TabBarController.swift */,
				F0F776C42735BF180029E7AC /* NavigationController.swift */,
				F08E430C2739CFDF0049F654 /* FilterViewController.swift */,
				F08E431B273A01680049F654 /* SelectorViewController.swift */,
			);
			path = Controller;
			sourceTree = "<group>";
		};
		F078D39D27308E41003247FE /* CollectionView */ = {
			isa = PBXGroup;
			children = (
				F078D39827308E11003247FE /* MovieCollectionViewCell.swift */,
				F08E42B72736F62A0049F654 /* InfoCollectionViewCell.swift */,
			);
			path = CollectionView;
			sourceTree = "<group>";
		};
		F078D3AD27308FE6003247FE /* Model */ = {
			isa = PBXGroup;
			children = (
				F078D3A627308F32003247FE /* Movie.swift */,
				F078D3B92730B701003247FE /* Bindable.swift */,
				F0F776C92735CF9E0029E7AC /* Cache.swift */,
				F08E42D8273857CC0049F654 /* Genre.swift */,
				F08E43162739E8070049F654 /* Criteria.swift */,
			);
			path = Model;
			sourceTree = "<group>";
		};
		F08E429B27362DC50049F654 /* Resources */ = {
			isa = PBXGroup;
			children = (
				F08E429C27362DCE0049F654 /* Fonts */,
			);
			path = Resources;
			sourceTree = "<group>";
		};
		F08E429C27362DCE0049F654 /* Fonts */ = {
			isa = PBXGroup;
			children = (
				F08E429D27362E020049F654 /* SF-Pro-Text-Bold.otf */,
				F08E429F27362E040049F654 /* SF-Pro-Text-LightItalic.otf */,
				F08E429E27362E030049F654 /* SF-Pro-Text-Regular.otf */,
				F08E42A027362E040049F654 /* SF-Pro-Text-Thin.otf */,
			);
			path = Fonts;
			sourceTree = "<group>";
		};
		F08E42C2273707580049F654 /* CollectionView */ = {
			isa = PBXGroup;
			children = (
				F078D3B42730942F003247FE /* MovieCellViewModel.swift */,
				F08E42BC2736F7A50049F654 /* InfoCellViewModel.swift */,
			);
			path = CollectionView;
			sourceTree = "<group>";
		};
		F08E42C3273707750049F654 /* Controller */ = {
			isa = PBXGroup;
			children = (
				F078D38B27308234003247FE /* MoviesViewModel.swift */,
				F0F776D327361BE70029E7AC /* MovieDetailViewModel.swift */,
				F08E42DD2738ACD40049F654 /* FavouritesViewModel.swift */,
				F08E43112739D0F60049F654 /* FilterViewModel.swift */,
				F08E4320273A02630049F654 /* SelectorViewModel.swift */,
			);
			path = Controller;
			sourceTree = "<group>";
		};
		F08E42C72737079E0049F654 /* UI */ = {
			isa = PBXGroup;
			children = (
				F078D34B27307CD3003247FE /* Main.storyboard */,
				F078D35027307CD7003247FE /* LaunchScreen.storyboard */,
			);
			path = UI;
			sourceTree = "<group>";
		};
		F08E42E72738AEF10049F654 /* TableView */ = {
			isa = PBXGroup;
			children = (
				F08E42E22738AED40049F654 /* FavouriteTableCell.swift */,
			);
			path = TableView;
			sourceTree = "<group>";
		};
		F08E42FE2738BB610049F654 /* TableView */ = {
			isa = PBXGroup;
			children = (
				F08E42F92738BB5A0049F654 /* FavouriteCellViewModel.swift */,
			);
			path = TableView;
			sourceTree = "<group>";
		};
/* End PBXGroup section */

/* Begin PBXNativeTarget section */
		F078D34127307CD3003247FE /* ConcreteChallenge */ = {
			isa = PBXNativeTarget;
			buildConfigurationList = F078D36C27307CD8003247FE /* Build configuration list for PBXNativeTarget "ConcreteChallenge" */;
			buildPhases = (
				F078D33E27307CD3003247FE /* Sources */,
				F078D33F27307CD3003247FE /* Frameworks */,
				F078D34027307CD3003247FE /* Resources */,
			);
			buildRules = (
			);
			dependencies = (
			);
			name = ConcreteChallenge;
			productName = ConcreteChallenge;
			productReference = F078D34227307CD3003247FE /* ConcreteChallenge.app */;
			productType = "com.apple.product-type.application";
		};
		F078D35727307CD8003247FE /* ConcreteChallengeTests */ = {
			isa = PBXNativeTarget;
			buildConfigurationList = F078D36F27307CD8003247FE /* Build configuration list for PBXNativeTarget "ConcreteChallengeTests" */;
			buildPhases = (
				F078D35427307CD8003247FE /* Sources */,
				F078D35527307CD8003247FE /* Frameworks */,
				F078D35627307CD8003247FE /* Resources */,
			);
			buildRules = (
			);
			dependencies = (
				F078D35A27307CD8003247FE /* PBXTargetDependency */,
			);
			name = ConcreteChallengeTests;
			productName = ConcreteChallengeTests;
			productReference = F078D35827307CD8003247FE /* ConcreteChallengeTests.xctest */;
			productType = "com.apple.product-type.bundle.unit-test";
		};
		F078D36227307CD8003247FE /* ConcreteChallengeUITests */ = {
			isa = PBXNativeTarget;
			buildConfigurationList = F078D37227307CD8003247FE /* Build configuration list for PBXNativeTarget "ConcreteChallengeUITests" */;
			buildPhases = (
				F078D35F27307CD8003247FE /* Sources */,
				F078D36027307CD8003247FE /* Frameworks */,
				F078D36127307CD8003247FE /* Resources */,
			);
			buildRules = (
			);
			dependencies = (
				F078D36527307CD8003247FE /* PBXTargetDependency */,
			);
			name = ConcreteChallengeUITests;
			productName = ConcreteChallengeUITests;
			productReference = F078D36327307CD8003247FE /* ConcreteChallengeUITests.xctest */;
			productType = "com.apple.product-type.bundle.ui-testing";
		};
/* End PBXNativeTarget section */

/* Begin PBXProject section */
		F078D33A27307CD3003247FE /* Project object */ = {
			isa = PBXProject;
			attributes = {
				LastSwiftUpdateCheck = 1210;
				LastUpgradeCheck = 1210;
				TargetAttributes = {
					F078D34127307CD3003247FE = {
						CreatedOnToolsVersion = 12.1;
					};
					F078D35727307CD8003247FE = {
						CreatedOnToolsVersion = 12.1;
						TestTargetID = F078D34127307CD3003247FE;
					};
					F078D36227307CD8003247FE = {
						CreatedOnToolsVersion = 12.1;
						TestTargetID = F078D34127307CD3003247FE;
					};
				};
			};
			buildConfigurationList = F078D33D27307CD3003247FE /* Build configuration list for PBXProject "ConcreteChallenge" */;
			compatibilityVersion = "Xcode 9.3";
			developmentRegion = en;
			hasScannedForEncodings = 0;
			knownRegions = (
				en,
				Base,
			);
			mainGroup = F078D33927307CD3003247FE;
			productRefGroup = F078D34327307CD3003247FE /* Products */;
			projectDirPath = "";
			projectRoot = "";
			targets = (
				F078D34127307CD3003247FE /* ConcreteChallenge */,
				F078D35727307CD8003247FE /* ConcreteChallengeTests */,
				F078D36227307CD8003247FE /* ConcreteChallengeUITests */,
			);
		};
/* End PBXProject section */

/* Begin PBXResourcesBuildPhase section */
		F078D34027307CD3003247FE /* Resources */ = {
			isa = PBXResourcesBuildPhase;
			buildActionMask = 2147483647;
			files = (
				F08E42A227362E050049F654 /* SF-Pro-Text-Regular.otf in Resources */,
				F078D39F27308EA5003247FE /* jsonData.json in Resources */,
				F08E42A327362E050049F654 /* SF-Pro-Text-LightItalic.otf in Resources */,
				F08E42A127362E050049F654 /* SF-Pro-Text-Bold.otf in Resources */,
				F08E42A427362E050049F654 /* SF-Pro-Text-Thin.otf in Resources */,
				F08E42CC273846930049F654 /* genresData.json in Resources */,
				F078D35227307CD7003247FE /* LaunchScreen.storyboard in Resources */,
				F078D34F27307CD7003247FE /* Assets.xcassets in Resources */,
				F078D34D27307CD3003247FE /* Main.storyboard in Resources */,
			);
			runOnlyForDeploymentPostprocessing = 0;
		};
		F078D35627307CD8003247FE /* Resources */ = {
			isa = PBXResourcesBuildPhase;
			buildActionMask = 2147483647;
			files = (
			);
			runOnlyForDeploymentPostprocessing = 0;
		};
		F078D36127307CD8003247FE /* Resources */ = {
			isa = PBXResourcesBuildPhase;
			buildActionMask = 2147483647;
			files = (
			);
			runOnlyForDeploymentPostprocessing = 0;
		};
/* End PBXResourcesBuildPhase section */

/* Begin PBXSourcesBuildPhase section */
		F078D33E27307CD3003247FE /* Sources */ = {
			isa = PBXSourcesBuildPhase;
			buildActionMask = 2147483647;
			files = (
				F078D3BA2730B701003247FE /* Bindable.swift in Sources */,
				F078D3CC2730D2A4003247FE /* MoviesViewController.swift in Sources */,
				F078D3A827308F32003247FE /* Movie.swift in Sources */,
				F08E42D9273857CC0049F654 /* Genre.swift in Sources */,
				F08E42D4273848710049F654 /* StorageManager.swift in Sources */,
				F078D34627307CD3003247FE /* AppDelegate.swift in Sources */,
				F0F776BD2735BD1B0029E7AC /* TabBarController.swift in Sources */,
				F0F776B82735A70A0029E7AC /* FavouritesViewController.swift in Sources */,
				F08E42F52738B4610049F654 /* FavouriteTableCell.swift in Sources */,
				F0F776CF273619990029E7AC /* MovieDetailViewController.swift in Sources */,
				F08E43082738BD130049F654 /* FavouritesViewModel.swift in Sources */,
				F08E431C273A01680049F654 /* SelectorViewController.swift in Sources */,
				F078D34827307CD3003247FE /* SceneDelegate.swift in Sources */,
				F0F776C52735BF180029E7AC /* NavigationController.swift in Sources */,
				F078D3E4273300C2003247FE /* CollectionBackgroundView.swift in Sources */,
				F078D3E92733050C003247FE /* CollectionBackgroundViewModel.swift in Sources */,
				F0F776CA2735CF9E0029E7AC /* Cache.swift in Sources */,
				F078D3B52730942F003247FE /* MovieCellViewModel.swift in Sources */,
				F078D37927307DC0003247FE /* APIClient.swift in Sources */,
				F078D3D72730D80A003247FE /* MovieCollectionViewCell.swift in Sources */,
				F08E43122739D0F60049F654 /* FilterViewModel.swift in Sources */,
				F08E42FA2738BB5A0049F654 /* FavouriteCellViewModel.swift in Sources */,
				F08E430D2739CFE00049F654 /* FilterViewController.swift in Sources */,
				F078D38C27308234003247FE /* MoviesViewModel.swift in Sources */,
				F0F776D427361BE70029E7AC /* MovieDetailViewModel.swift in Sources */,
				F08E4321273A02630049F654 /* SelectorViewModel.swift in Sources */,
				F08E43172739E8070049F654 /* Criteria.swift in Sources */,
				F08E42B82736F62A0049F654 /* InfoCollectionViewCell.swift in Sources */,
				F08E42BD2736F7A50049F654 /* InfoCellViewModel.swift in Sources */,
				F078D3A927308F32003247FE /* Data.swift in Sources */,
			);
			runOnlyForDeploymentPostprocessing = 0;
		};
		F078D35427307CD8003247FE /* Sources */ = {
			isa = PBXSourcesBuildPhase;
			buildActionMask = 2147483647;
			files = (
				F078D35D27307CD8003247FE /* ConcreteChallengeTests.swift in Sources */,
			);
			runOnlyForDeploymentPostprocessing = 0;
		};
		F078D35F27307CD8003247FE /* Sources */ = {
			isa = PBXSourcesBuildPhase;
			buildActionMask = 2147483647;
			files = (
				F078D36827307CD8003247FE /* ConcreteChallengeUITests.swift in Sources */,
			);
			runOnlyForDeploymentPostprocessing = 0;
		};
/* End PBXSourcesBuildPhase section */

/* Begin PBXTargetDependency section */
		F078D35A27307CD8003247FE /* PBXTargetDependency */ = {
			isa = PBXTargetDependency;
			target = F078D34127307CD3003247FE /* ConcreteChallenge */;
			targetProxy = F078D35927307CD8003247FE /* PBXContainerItemProxy */;
		};
		F078D36527307CD8003247FE /* PBXTargetDependency */ = {
			isa = PBXTargetDependency;
			target = F078D34127307CD3003247FE /* ConcreteChallenge */;
			targetProxy = F078D36427307CD8003247FE /* PBXContainerItemProxy */;
		};
/* End PBXTargetDependency section */

/* Begin PBXVariantGroup section */
		F078D34B27307CD3003247FE /* Main.storyboard */ = {
			isa = PBXVariantGroup;
			children = (
				F078D34C27307CD3003247FE /* Base */,
			);
			name = Main.storyboard;
			sourceTree = "<group>";
		};
		F078D35027307CD7003247FE /* LaunchScreen.storyboard */ = {
			isa = PBXVariantGroup;
			children = (
				F078D35127307CD7003247FE /* Base */,
			);
			name = LaunchScreen.storyboard;
			sourceTree = "<group>";
		};
/* End PBXVariantGroup section */

/* Begin XCBuildConfiguration section */
		F078D36A27307CD8003247FE /* Debug */ = {
			isa = XCBuildConfiguration;
			buildSettings = {
				ALWAYS_SEARCH_USER_PATHS = NO;
				CLANG_ANALYZER_NONNULL = YES;
				CLANG_ANALYZER_NUMBER_OBJECT_CONVERSION = YES_AGGRESSIVE;
				CLANG_CXX_LANGUAGE_STANDARD = "gnu++14";
				CLANG_CXX_LIBRARY = "libc++";
				CLANG_ENABLE_MODULES = YES;
				CLANG_ENABLE_OBJC_ARC = YES;
				CLANG_ENABLE_OBJC_WEAK = YES;
				CLANG_WARN_BLOCK_CAPTURE_AUTORELEASING = YES;
				CLANG_WARN_BOOL_CONVERSION = YES;
				CLANG_WARN_COMMA = YES;
				CLANG_WARN_CONSTANT_CONVERSION = YES;
				CLANG_WARN_DEPRECATED_OBJC_IMPLEMENTATIONS = YES;
				CLANG_WARN_DIRECT_OBJC_ISA_USAGE = YES_ERROR;
				CLANG_WARN_DOCUMENTATION_COMMENTS = YES;
				CLANG_WARN_EMPTY_BODY = YES;
				CLANG_WARN_ENUM_CONVERSION = YES;
				CLANG_WARN_INFINITE_RECURSION = YES;
				CLANG_WARN_INT_CONVERSION = YES;
				CLANG_WARN_NON_LITERAL_NULL_CONVERSION = YES;
				CLANG_WARN_OBJC_IMPLICIT_RETAIN_SELF = YES;
				CLANG_WARN_OBJC_LITERAL_CONVERSION = YES;
				CLANG_WARN_OBJC_ROOT_CLASS = YES_ERROR;
				CLANG_WARN_QUOTED_INCLUDE_IN_FRAMEWORK_HEADER = YES;
				CLANG_WARN_RANGE_LOOP_ANALYSIS = YES;
				CLANG_WARN_STRICT_PROTOTYPES = YES;
				CLANG_WARN_SUSPICIOUS_MOVE = YES;
				CLANG_WARN_UNGUARDED_AVAILABILITY = YES_AGGRESSIVE;
				CLANG_WARN_UNREACHABLE_CODE = YES;
				CLANG_WARN__DUPLICATE_METHOD_MATCH = YES;
				COPY_PHASE_STRIP = NO;
				DEBUG_INFORMATION_FORMAT = dwarf;
				ENABLE_STRICT_OBJC_MSGSEND = YES;
				ENABLE_TESTABILITY = YES;
				GCC_C_LANGUAGE_STANDARD = gnu11;
				GCC_DYNAMIC_NO_PIC = NO;
				GCC_NO_COMMON_BLOCKS = YES;
				GCC_OPTIMIZATION_LEVEL = 0;
				GCC_PREPROCESSOR_DEFINITIONS = (
					"DEBUG=1",
					"$(inherited)",
				);
				GCC_WARN_64_TO_32_BIT_CONVERSION = YES;
				GCC_WARN_ABOUT_RETURN_TYPE = YES_ERROR;
				GCC_WARN_UNDECLARED_SELECTOR = YES;
				GCC_WARN_UNINITIALIZED_AUTOS = YES_AGGRESSIVE;
				GCC_WARN_UNUSED_FUNCTION = YES;
				GCC_WARN_UNUSED_VARIABLE = YES;
				IPHONEOS_DEPLOYMENT_TARGET = 14.1;
				MTL_ENABLE_DEBUG_INFO = INCLUDE_SOURCE;
				MTL_FAST_MATH = YES;
				ONLY_ACTIVE_ARCH = YES;
				SDKROOT = iphoneos;
				SWIFT_ACTIVE_COMPILATION_CONDITIONS = DEBUG;
				SWIFT_OPTIMIZATION_LEVEL = "-Onone";
			};
			name = Debug;
		};
		F078D36B27307CD8003247FE /* Release */ = {
			isa = XCBuildConfiguration;
			buildSettings = {
				ALWAYS_SEARCH_USER_PATHS = NO;
				CLANG_ANALYZER_NONNULL = YES;
				CLANG_ANALYZER_NUMBER_OBJECT_CONVERSION = YES_AGGRESSIVE;
				CLANG_CXX_LANGUAGE_STANDARD = "gnu++14";
				CLANG_CXX_LIBRARY = "libc++";
				CLANG_ENABLE_MODULES = YES;
				CLANG_ENABLE_OBJC_ARC = YES;
				CLANG_ENABLE_OBJC_WEAK = YES;
				CLANG_WARN_BLOCK_CAPTURE_AUTORELEASING = YES;
				CLANG_WARN_BOOL_CONVERSION = YES;
				CLANG_WARN_COMMA = YES;
				CLANG_WARN_CONSTANT_CONVERSION = YES;
				CLANG_WARN_DEPRECATED_OBJC_IMPLEMENTATIONS = YES;
				CLANG_WARN_DIRECT_OBJC_ISA_USAGE = YES_ERROR;
				CLANG_WARN_DOCUMENTATION_COMMENTS = YES;
				CLANG_WARN_EMPTY_BODY = YES;
				CLANG_WARN_ENUM_CONVERSION = YES;
				CLANG_WARN_INFINITE_RECURSION = YES;
				CLANG_WARN_INT_CONVERSION = YES;
				CLANG_WARN_NON_LITERAL_NULL_CONVERSION = YES;
				CLANG_WARN_OBJC_IMPLICIT_RETAIN_SELF = YES;
				CLANG_WARN_OBJC_LITERAL_CONVERSION = YES;
				CLANG_WARN_OBJC_ROOT_CLASS = YES_ERROR;
				CLANG_WARN_QUOTED_INCLUDE_IN_FRAMEWORK_HEADER = YES;
				CLANG_WARN_RANGE_LOOP_ANALYSIS = YES;
				CLANG_WARN_STRICT_PROTOTYPES = YES;
				CLANG_WARN_SUSPICIOUS_MOVE = YES;
				CLANG_WARN_UNGUARDED_AVAILABILITY = YES_AGGRESSIVE;
				CLANG_WARN_UNREACHABLE_CODE = YES;
				CLANG_WARN__DUPLICATE_METHOD_MATCH = YES;
				COPY_PHASE_STRIP = NO;
				DEBUG_INFORMATION_FORMAT = "dwarf-with-dsym";
				ENABLE_NS_ASSERTIONS = NO;
				ENABLE_STRICT_OBJC_MSGSEND = YES;
				GCC_C_LANGUAGE_STANDARD = gnu11;
				GCC_NO_COMMON_BLOCKS = YES;
				GCC_WARN_64_TO_32_BIT_CONVERSION = YES;
				GCC_WARN_ABOUT_RETURN_TYPE = YES_ERROR;
				GCC_WARN_UNDECLARED_SELECTOR = YES;
				GCC_WARN_UNINITIALIZED_AUTOS = YES_AGGRESSIVE;
				GCC_WARN_UNUSED_FUNCTION = YES;
				GCC_WARN_UNUSED_VARIABLE = YES;
				IPHONEOS_DEPLOYMENT_TARGET = 14.1;
				MTL_ENABLE_DEBUG_INFO = NO;
				MTL_FAST_MATH = YES;
				SDKROOT = iphoneos;
				SWIFT_COMPILATION_MODE = wholemodule;
				SWIFT_OPTIMIZATION_LEVEL = "-O";
				VALIDATE_PRODUCT = YES;
			};
			name = Release;
		};
		F078D36D27307CD8003247FE /* Debug */ = {
			isa = XCBuildConfiguration;
			buildSettings = {
				ASSETCATALOG_COMPILER_APPICON_NAME = AppIcon;
				ASSETCATALOG_COMPILER_GLOBAL_ACCENT_COLOR_NAME = AccentColor;
				CODE_SIGN_STYLE = Automatic;
				DEVELOPMENT_TEAM = WDU3U6PS84;
				INFOPLIST_FILE = ConcreteChallenge/Info.plist;
				LD_RUNPATH_SEARCH_PATHS = (
					"$(inherited)",
					"@executable_path/Frameworks",
				);
				PRODUCT_BUNDLE_IDENTIFIER = nu.cya.ConcreteChallenge;
				PRODUCT_NAME = "$(TARGET_NAME)";
				SWIFT_VERSION = 5.0;
				TARGETED_DEVICE_FAMILY = "1,2";
			};
			name = Debug;
		};
		F078D36E27307CD8003247FE /* Release */ = {
			isa = XCBuildConfiguration;
			buildSettings = {
				ASSETCATALOG_COMPILER_APPICON_NAME = AppIcon;
				ASSETCATALOG_COMPILER_GLOBAL_ACCENT_COLOR_NAME = AccentColor;
				CODE_SIGN_STYLE = Automatic;
				DEVELOPMENT_TEAM = WDU3U6PS84;
				INFOPLIST_FILE = ConcreteChallenge/Info.plist;
				LD_RUNPATH_SEARCH_PATHS = (
					"$(inherited)",
					"@executable_path/Frameworks",
				);
				PRODUCT_BUNDLE_IDENTIFIER = nu.cya.ConcreteChallenge;
				PRODUCT_NAME = "$(TARGET_NAME)";
				SWIFT_VERSION = 5.0;
				TARGETED_DEVICE_FAMILY = "1,2";
			};
			name = Release;
		};
		F078D37027307CD8003247FE /* Debug */ = {
			isa = XCBuildConfiguration;
			buildSettings = {
				ALWAYS_EMBED_SWIFT_STANDARD_LIBRARIES = YES;
				BUNDLE_LOADER = "$(TEST_HOST)";
				CODE_SIGN_STYLE = Automatic;
				DEVELOPMENT_TEAM = WDU3U6PS84;
				INFOPLIST_FILE = ConcreteChallengeTests/Info.plist;
				IPHONEOS_DEPLOYMENT_TARGET = 14.1;
				LD_RUNPATH_SEARCH_PATHS = (
					"$(inherited)",
					"@executable_path/Frameworks",
					"@loader_path/Frameworks",
				);
				PRODUCT_BUNDLE_IDENTIFIER = nu.cya.ConcreteChallengeTests;
				PRODUCT_NAME = "$(TARGET_NAME)";
				SWIFT_VERSION = 5.0;
				TARGETED_DEVICE_FAMILY = "1,2";
				TEST_HOST = "$(BUILT_PRODUCTS_DIR)/ConcreteChallenge.app/ConcreteChallenge";
			};
			name = Debug;
		};
		F078D37127307CD8003247FE /* Release */ = {
			isa = XCBuildConfiguration;
			buildSettings = {
				ALWAYS_EMBED_SWIFT_STANDARD_LIBRARIES = YES;
				BUNDLE_LOADER = "$(TEST_HOST)";
				CODE_SIGN_STYLE = Automatic;
				DEVELOPMENT_TEAM = WDU3U6PS84;
				INFOPLIST_FILE = ConcreteChallengeTests/Info.plist;
				IPHONEOS_DEPLOYMENT_TARGET = 14.1;
				LD_RUNPATH_SEARCH_PATHS = (
					"$(inherited)",
					"@executable_path/Frameworks",
					"@loader_path/Frameworks",
				);
				PRODUCT_BUNDLE_IDENTIFIER = nu.cya.ConcreteChallengeTests;
				PRODUCT_NAME = "$(TARGET_NAME)";
				SWIFT_VERSION = 5.0;
				TARGETED_DEVICE_FAMILY = "1,2";
				TEST_HOST = "$(BUILT_PRODUCTS_DIR)/ConcreteChallenge.app/ConcreteChallenge";
			};
			name = Release;
		};
		F078D37327307CD8003247FE /* Debug */ = {
			isa = XCBuildConfiguration;
			buildSettings = {
				ALWAYS_EMBED_SWIFT_STANDARD_LIBRARIES = YES;
				CODE_SIGN_STYLE = Automatic;
				DEVELOPMENT_TEAM = WDU3U6PS84;
				INFOPLIST_FILE = ConcreteChallengeUITests/Info.plist;
				LD_RUNPATH_SEARCH_PATHS = (
					"$(inherited)",
					"@executable_path/Frameworks",
					"@loader_path/Frameworks",
				);
				PRODUCT_BUNDLE_IDENTIFIER = nu.cya.ConcreteChallengeUITests;
				PRODUCT_NAME = "$(TARGET_NAME)";
				SWIFT_VERSION = 5.0;
				TARGETED_DEVICE_FAMILY = "1,2";
				TEST_TARGET_NAME = ConcreteChallenge;
			};
			name = Debug;
		};
		F078D37427307CD8003247FE /* Release */ = {
			isa = XCBuildConfiguration;
			buildSettings = {
				ALWAYS_EMBED_SWIFT_STANDARD_LIBRARIES = YES;
				CODE_SIGN_STYLE = Automatic;
				DEVELOPMENT_TEAM = WDU3U6PS84;
				INFOPLIST_FILE = ConcreteChallengeUITests/Info.plist;
				LD_RUNPATH_SEARCH_PATHS = (
					"$(inherited)",
					"@executable_path/Frameworks",
					"@loader_path/Frameworks",
				);
				PRODUCT_BUNDLE_IDENTIFIER = nu.cya.ConcreteChallengeUITests;
				PRODUCT_NAME = "$(TARGET_NAME)";
				SWIFT_VERSION = 5.0;
				TARGETED_DEVICE_FAMILY = "1,2";
				TEST_TARGET_NAME = ConcreteChallenge;
			};
			name = Release;
		};
/* End XCBuildConfiguration section */

/* Begin XCConfigurationList section */
		F078D33D27307CD3003247FE /* Build configuration list for PBXProject "ConcreteChallenge" */ = {
			isa = XCConfigurationList;
			buildConfigurations = (
				F078D36A27307CD8003247FE /* Debug */,
				F078D36B27307CD8003247FE /* Release */,
			);
			defaultConfigurationIsVisible = 0;
			defaultConfigurationName = Release;
		};
		F078D36C27307CD8003247FE /* Build configuration list for PBXNativeTarget "ConcreteChallenge" */ = {
			isa = XCConfigurationList;
			buildConfigurations = (
				F078D36D27307CD8003247FE /* Debug */,
				F078D36E27307CD8003247FE /* Release */,
			);
			defaultConfigurationIsVisible = 0;
			defaultConfigurationName = Release;
		};
		F078D36F27307CD8003247FE /* Build configuration list for PBXNativeTarget "ConcreteChallengeTests" */ = {
			isa = XCConfigurationList;
			buildConfigurations = (
				F078D37027307CD8003247FE /* Debug */,
				F078D37127307CD8003247FE /* Release */,
			);
			defaultConfigurationIsVisible = 0;
			defaultConfigurationName = Release;
		};
		F078D37227307CD8003247FE /* Build configuration list for PBXNativeTarget "ConcreteChallengeUITests" */ = {
			isa = XCConfigurationList;
			buildConfigurations = (
				F078D37327307CD8003247FE /* Debug */,
				F078D37427307CD8003247FE /* Release */,
			);
			defaultConfigurationIsVisible = 0;
			defaultConfigurationName = Release;
		};
/* End XCConfigurationList section */
	};
	rootObject = F078D33A27307CD3003247FE /* Project object */;
}
